
Microsoft Visual Studio Solution File, Format Version 12.00
# Visual Studio Version 17
VisualStudioVersion = 17.12.35527.113
MinimumVisualStudioVersion = 10.0.40219.1
Project("{FAE04EC0-301F-11D3-BF4B-00C04F79EFBC}") = "InterviewTestInvoiceAPI", "InterviewTestInvoiceAPI\InterviewTestInvoiceAPI.csproj", "{3B14BDAC-5C71-439F-813E-6AAF2DF02625}"
EndProject
Project("{FAE04EC0-301F-11D3-BF4B-00C04F79EFBC}") = "InterviewInvoice_xUnit", "InterviewInvoice_xUnit\InterviewInvoice_xUnit.csproj", "{7F3FF2CE-2037-4C81-B8E0-F18602AD5F88}"
EndProject
Global
	GlobalSection(SolutionConfigurationPlatforms) = preSolution
		Debug|Any CPU = Debug|Any CPU
		Release|Any CPU = Release|Any CPU
	EndGlobalSection
	GlobalSection(ProjectConfigurationPlatforms) = postSolution
		{3B14BDAC-5C71-439F-813E-6AAF2DF02625}.Debug|Any CPU.ActiveCfg = Debug|Any CPU
		{3B14BDAC-5C71-439F-813E-6AAF2DF02625}.Debug|Any CPU.Build.0 = Debug|Any CPU
		{3B14BDAC-5C71-439F-813E-6AAF2DF02625}.Release|Any CPU.ActiveCfg = Release|Any CPU
		{3B14BDAC-5C71-439F-813E-6AAF2DF02625}.Release|Any CPU.Build.0 = Release|Any CPU
		{7F3FF2CE-2037-4C81-B8E0-F18602AD5F88}.Debug|Any CPU.ActiveCfg = Debug|Any CPU
		{7F3FF2CE-2037-4C81-B8E0-F18602AD5F88}.Debug|Any CPU.Build.0 = Debug|Any CPU
		{7F3FF2CE-2037-4C81-B8E0-F18602AD5F88}.Release|Any CPU.ActiveCfg = Release|Any CPU
		{7F3FF2CE-2037-4C81-B8E0-F18602AD5F88}.Release|Any CPU.Build.0 = Release|Any CPU
	EndGlobalSection
	GlobalSection(SolutionProperties) = preSolution
		HideSolutionNode = FALSE
	EndGlobalSection
EndGlobal
